// !$*UTF8*$!
{
	archiveVersion = 1;
	classes = {
	};
	objectVersion = 77;
	objects = {

/* Begin PBXBuildFile section */
		02C2B3A4C02B66E7B7F76245 /* ContentView.swift in Sources */ = {isa = PBXBuildFile; fileRef = 01B6CE70855F78F1B5B70D23 /* ContentView.swift */; };
		23CE85EE6E1FF90E11496A02 /* DevServer.swift in Sources */ = {isa = PBXBuildFile; fileRef = 4256C4FA4AF59076B3DBBBDC /* DevServer.swift */; };
		4A07C211A0D26822457C750D /* DevServerPreflightTests.swift in Sources */ = {isa = PBXBuildFile; fileRef = 53F3A30BF1438BCFFDD5761F /* DevServerPreflightTests.swift */; };
		50C1F901B210F46BAC4BB09C /* DevServerPreflight.swift in Sources */ = {isa = PBXBuildFile; fileRef = E4D5E0DFC2F363A9FDCC9A0B /* DevServerPreflight.swift */; };
		6432F892116325B00A613D05 /* DevServerTests.swift in Sources */ = {isa = PBXBuildFile; fileRef = 2A78D44A8A1E04F2FF2FF6ED /* DevServerTests.swift */; };
		72DFEDD02D325EBAA571412D /* Assets.xcassets in Resources */ = {isa = PBXBuildFile; fileRef = B7F8CCD03C55D5771F90EF30 /* Assets.xcassets */; };
		78DAAAFE00FED02AD1C5E73B /* LoomRuntimePaths.swift in Sources */ = {isa = PBXBuildFile; fileRef = DDA5A2EB4CB4022BE8541513 /* LoomRuntimePaths.swift */; };
		A16D95B79EEAE3C2337663FA /* LoomWebViewInteractionPolicy.swift in Sources */ = {isa = PBXBuildFile; fileRef = 50EE3AEE1B9EC24DFEC8541D /* LoomWebViewInteractionPolicy.swift */; };
		B8B8C6F5796088A9F0EA8337 /* LoomCommandScriptsTests.swift in Sources */ = {isa = PBXBuildFile; fileRef = 738F4C9BD365A277EF6F4F2E /* LoomCommandScriptsTests.swift */; };
		BEB5D87B0B644A913586CF49 /* LoomCommandScripts.swift in Sources */ = {isa = PBXBuildFile; fileRef = F1E17B9A3E4690E90B752D76 /* LoomCommandScripts.swift */; };
		C369B8DA4409AA0965A62B10 /* LoomRuntimePathsTests.swift in Sources */ = {isa = PBXBuildFile; fileRef = 2A400D99F31C6B036AD121E3 /* LoomRuntimePathsTests.swift */; };
		DAD1E4E09155B63DFD48EFFB /* LoomWebViewInteractionPolicyTests.swift in Sources */ = {isa = PBXBuildFile; fileRef = 06FC617DEBD32A159754CD61 /* LoomWebViewInteractionPolicyTests.swift */; };
		EB23057432E7A926D52C4FD0 /* LoomApp.swift in Sources */ = {isa = PBXBuildFile; fileRef = 97F465B75FE18597076B7FEE /* LoomApp.swift */; };
/* End PBXBuildFile section */

/* Begin PBXContainerItemProxy section */
		C9D08863B97F9676FE553444 /* PBXContainerItemProxy */ = {
			isa = PBXContainerItemProxy;
			containerPortal = 32B58EFB3FEA3E3E81D94DBD /* Project object */;
			proxyType = 1;
			remoteGlobalIDString = 92B1BC83B42A8E6DA14FE2C3;
			remoteInfo = Loom;
		};
/* End PBXContainerItemProxy section */

/* Begin PBXFileReference section */
		01B6CE70855F78F1B5B70D23 /* ContentView.swift */ = {isa = PBXFileReference; lastKnownFileType = sourcecode.swift; path = ContentView.swift; sourceTree = "<group>"; };
		06FC617DEBD32A159754CD61 /* LoomWebViewInteractionPolicyTests.swift */ = {isa = PBXFileReference; lastKnownFileType = sourcecode.swift; path = LoomWebViewInteractionPolicyTests.swift; sourceTree = "<group>"; };
		2A400D99F31C6B036AD121E3 /* LoomRuntimePathsTests.swift */ = {isa = PBXFileReference; lastKnownFileType = sourcecode.swift; path = LoomRuntimePathsTests.swift; sourceTree = "<group>"; };
		2A78D44A8A1E04F2FF2FF6ED /* DevServerTests.swift */ = {isa = PBXFileReference; lastKnownFileType = sourcecode.swift; path = DevServerTests.swift; sourceTree = "<group>"; };
		4256C4FA4AF59076B3DBBBDC /* DevServer.swift */ = {isa = PBXFileReference; lastKnownFileType = sourcecode.swift; path = DevServer.swift; sourceTree = "<group>"; };
		50EE3AEE1B9EC24DFEC8541D /* LoomWebViewInteractionPolicy.swift */ = {isa = PBXFileReference; lastKnownFileType = sourcecode.swift; path = LoomWebViewInteractionPolicy.swift; sourceTree = "<group>"; };
		53F3A30BF1438BCFFDD5761F /* DevServerPreflightTests.swift */ = {isa = PBXFileReference; lastKnownFileType = sourcecode.swift; path = DevServerPreflightTests.swift; sourceTree = "<group>"; };
		738F4C9BD365A277EF6F4F2E /* LoomCommandScriptsTests.swift */ = {isa = PBXFileReference; lastKnownFileType = sourcecode.swift; path = LoomCommandScriptsTests.swift; sourceTree = "<group>"; };
		965174FB87136638BA643B4C /* LoomTests.xctest */ = {isa = PBXFileReference; explicitFileType = wrapper.cfbundle; includeInIndex = 0; path = LoomTests.xctest; sourceTree = BUILT_PRODUCTS_DIR; };
		97F465B75FE18597076B7FEE /* LoomApp.swift */ = {isa = PBXFileReference; lastKnownFileType = sourcecode.swift; path = LoomApp.swift; sourceTree = "<group>"; };
		B7F8CCD03C55D5771F90EF30 /* Assets.xcassets */ = {isa = PBXFileReference; lastKnownFileType = folder.assetcatalog; path = Assets.xcassets; sourceTree = "<group>"; };
		CFB0FB42BDCFD78AC68A01BF /* Loom.app */ = {isa = PBXFileReference; explicitFileType = wrapper.application; includeInIndex = 0; path = Loom.app; sourceTree = BUILT_PRODUCTS_DIR; };
		DDA5A2EB4CB4022BE8541513 /* LoomRuntimePaths.swift */ = {isa = PBXFileReference; lastKnownFileType = sourcecode.swift; path = LoomRuntimePaths.swift; sourceTree = "<group>"; };
		E4D5E0DFC2F363A9FDCC9A0B /* DevServerPreflight.swift */ = {isa = PBXFileReference; lastKnownFileType = sourcecode.swift; path = DevServerPreflight.swift; sourceTree = "<group>"; };
		F1E17B9A3E4690E90B752D76 /* LoomCommandScripts.swift */ = {isa = PBXFileReference; lastKnownFileType = sourcecode.swift; path = LoomCommandScripts.swift; sourceTree = "<group>"; };
/* End PBXFileReference section */

/* Begin PBXGroup section */
		6114BBD5F32D87A441F33A24 /* Sources */ = {
			isa = PBXGroup;
			children = (
				01B6CE70855F78F1B5B70D23 /* ContentView.swift */,
				4256C4FA4AF59076B3DBBBDC /* DevServer.swift */,
				E4D5E0DFC2F363A9FDCC9A0B /* DevServerPreflight.swift */,
				97F465B75FE18597076B7FEE /* LoomApp.swift */,
				F1E17B9A3E4690E90B752D76 /* LoomCommandScripts.swift */,
				DDA5A2EB4CB4022BE8541513 /* LoomRuntimePaths.swift */,
				50EE3AEE1B9EC24DFEC8541D /* LoomWebViewInteractionPolicy.swift */,
			);
			path = Sources;
			sourceTree = "<group>";
		};
		AE2495C2DD7C4012BED6E594 /* Products */ = {
			isa = PBXGroup;
			children = (
				CFB0FB42BDCFD78AC68A01BF /* Loom.app */,
				965174FB87136638BA643B4C /* LoomTests.xctest */,
			);
			name = Products;
			sourceTree = "<group>";
		};
		B380268C9C7FBB9A4D2886D6 = {
			isa = PBXGroup;
			children = (
				B7F8CCD03C55D5771F90EF30 /* Assets.xcassets */,
				6114BBD5F32D87A441F33A24 /* Sources */,
				BEEE710EB30DC84354D7E0F0 /* Tests */,
				AE2495C2DD7C4012BED6E594 /* Products */,
			);
			sourceTree = "<group>";
		};
		BEEE710EB30DC84354D7E0F0 /* Tests */ = {
			isa = PBXGroup;
			children = (
				53F3A30BF1438BCFFDD5761F /* DevServerPreflightTests.swift */,
				2A78D44A8A1E04F2FF2FF6ED /* DevServerTests.swift */,
				738F4C9BD365A277EF6F4F2E /* LoomCommandScriptsTests.swift */,
				2A400D99F31C6B036AD121E3 /* LoomRuntimePathsTests.swift */,
				06FC617DEBD32A159754CD61 /* LoomWebViewInteractionPolicyTests.swift */,
			);
			path = Tests;
			sourceTree = "<group>";
		};
/* End PBXGroup section */

/* Begin PBXNativeTarget section */
		92B1BC83B42A8E6DA14FE2C3 /* Loom */ = {
			isa = PBXNativeTarget;
			buildConfigurationList = A89C1ED79CFFB2D69BAF407A /* Build configuration list for PBXNativeTarget "Loom" */;
			buildPhases = (
				11E15E109E1D18FEFC194441 /* Sources */,
				8BB123B3A0B5C3FB4CF01850 /* Resources */,
			);
			buildRules = (
			);
			dependencies = (
			);
			name = Loom;
			packageProductDependencies = (
			);
			productName = Loom;
			productReference = CFB0FB42BDCFD78AC68A01BF /* Loom.app */;
			productType = "com.apple.product-type.application";
		};
		ED826D576EF84C5DCAA12309 /* LoomTests */ = {
			isa = PBXNativeTarget;
			buildConfigurationList = CC7C822050D13A1780EA0563 /* Build configuration list for PBXNativeTarget "LoomTests" */;
			buildPhases = (
				5DF0A9639115211713D1BD94 /* Sources */,
			);
			buildRules = (
			);
			dependencies = (
				A3CD4F83D239141298BB1268 /* PBXTargetDependency */,
			);
			name = LoomTests;
			packageProductDependencies = (
			);
			productName = LoomTests;
			productReference = 965174FB87136638BA643B4C /* LoomTests.xctest */;
			productType = "com.apple.product-type.bundle.unit-test";
		};
/* End PBXNativeTarget section */

/* Begin PBXProject section */
		32B58EFB3FEA3E3E81D94DBD /* Project object */ = {
			isa = PBXProject;
			attributes = {
				BuildIndependentTargetsInParallel = YES;
				LastUpgradeCheck = 1600;
				TargetAttributes = {
				};
			};
			buildConfigurationList = 8469BC710BBCEBFD6D40602E /* Build configuration list for PBXProject "Loom" */;
			developmentRegion = en;
			hasScannedForEncodings = 0;
			knownRegions = (
				Base,
				en,
			);
			mainGroup = B380268C9C7FBB9A4D2886D6;
			minimizedProjectReferenceProxies = 1;
			preferredProjectObjectVersion = 77;
			productRefGroup = AE2495C2DD7C4012BED6E594 /* Products */;
			projectDirPath = "";
			projectRoot = "";
			targets = (
				92B1BC83B42A8E6DA14FE2C3 /* Loom */,
				ED826D576EF84C5DCAA12309 /* LoomTests */,
			);
		};
/* End PBXProject section */

/* Begin PBXResourcesBuildPhase section */
		8BB123B3A0B5C3FB4CF01850 /* Resources */ = {
			isa = PBXResourcesBuildPhase;
			buildActionMask = 2147483647;
			files = (
				72DFEDD02D325EBAA571412D /* Assets.xcassets in Resources */,
			);
			runOnlyForDeploymentPostprocessing = 0;
		};
/* End PBXResourcesBuildPhase section */

/* Begin PBXSourcesBuildPhase section */
		11E15E109E1D18FEFC194441 /* Sources */ = {
			isa = PBXSourcesBuildPhase;
			buildActionMask = 2147483647;
			files = (
				02C2B3A4C02B66E7B7F76245 /* ContentView.swift in Sources */,
				23CE85EE6E1FF90E11496A02 /* DevServer.swift in Sources */,
				50C1F901B210F46BAC4BB09C /* DevServerPreflight.swift in Sources */,
				EB23057432E7A926D52C4FD0 /* LoomApp.swift in Sources */,
				BEB5D87B0B644A913586CF49 /* LoomCommandScripts.swift in Sources */,
				78DAAAFE00FED02AD1C5E73B /* LoomRuntimePaths.swift in Sources */,
				A16D95B79EEAE3C2337663FA /* LoomWebViewInteractionPolicy.swift in Sources */,
			);
			runOnlyForDeploymentPostprocessing = 0;
		};
		5DF0A9639115211713D1BD94 /* Sources */ = {
			isa = PBXSourcesBuildPhase;
			buildActionMask = 2147483647;
			files = (
				4A07C211A0D26822457C750D /* DevServerPreflightTests.swift in Sources */,
				6432F892116325B00A613D05 /* DevServerTests.swift in Sources */,
				B8B8C6F5796088A9F0EA8337 /* LoomCommandScriptsTests.swift in Sources */,
				C369B8DA4409AA0965A62B10 /* LoomRuntimePathsTests.swift in Sources */,
				DAD1E4E09155B63DFD48EFFB /* LoomWebViewInteractionPolicyTests.swift in Sources */,
			);
			runOnlyForDeploymentPostprocessing = 0;
		};
/* End PBXSourcesBuildPhase section */

/* Begin PBXTargetDependency section */
		A3CD4F83D239141298BB1268 /* PBXTargetDependency */ = {
			isa = PBXTargetDependency;
			target = 92B1BC83B42A8E6DA14FE2C3 /* Loom */;
			targetProxy = C9D08863B97F9676FE553444 /* PBXContainerItemProxy */;
		};
/* End PBXTargetDependency section */

/* Begin XCBuildConfiguration section */
		0597129A1260A66422EB504F /* Debug */ = {
			isa = XCBuildConfiguration;
			buildSettings = {
				BUNDLE_LOADER = "$(TEST_HOST)";
				COMBINE_HIDPI_IMAGES = YES;
				GENERATE_INFOPLIST_FILE = YES;
				LD_RUNPATH_SEARCH_PATHS = (
					"$(inherited)",
					"@executable_path/../Frameworks",
					"@loader_path/../Frameworks",
				);
				PRODUCT_BUNDLE_IDENTIFIER = com.loom.appTests;
				SDKROOT = macosx;
				TEST_HOST = "$(BUILT_PRODUCTS_DIR)/Loom.app/Contents/MacOS/Loom";
			};
			name = Debug;
		};
		126D55997EBF15956046E58F /* Release */ = {
			isa = XCBuildConfiguration;
			buildSettings = {
				ASSETCATALOG_COMPILER_APPICON_NAME = AppIcon;
				CODE_SIGN_ENTITLEMENTS = Loom.entitlements;
				COMBINE_HIDPI_IMAGES = YES;
				CURRENT_PROJECT_VERSION = 1;
				INFOPLIST_FILE = Info.plist;
				INFOPLIST_KEY_LSApplicationCategoryType = "public.app-category.productivity";
				INFOPLIST_KEY_NSHumanReadableCopyright = "";
				LD_RUNPATH_SEARCH_PATHS = (
					"$(inherited)",
					"@executable_path/../Frameworks",
				);
				MACOSX_DEPLOYMENT_TARGET = 14.0;
				MARKETING_VERSION = 1.0.0;
				PRODUCT_BUNDLE_IDENTIFIER = com.loom.app;
				PRODUCT_NAME = Loom;
				SDKROOT = macosx;
				SWIFT_VERSION = 5.9;
			};
			name = Release;
		};
		7DDE0896E67F1B37B182DEA0 /* Debug */ = {
			isa = XCBuildConfiguration;
			buildSettings = {
				ASSETCATALOG_COMPILER_APPICON_NAME = AppIcon;
				CODE_SIGN_ENTITLEMENTS = Loom.entitlements;
				COMBINE_HIDPI_IMAGES = YES;
				CURRENT_PROJECT_VERSION = 1;
				INFOPLIST_FILE = Info.plist;
				INFOPLIST_KEY_LSApplicationCategoryType = "public.app-category.productivity";
				INFOPLIST_KEY_NSHumanReadableCopyright = "";
				LD_RUNPATH_SEARCH_PATHS = (
					"$(inherited)",
					"@executable_path/../Frameworks",
				);
				MACOSX_DEPLOYMENT_TARGET = 14.0;
				MARKETING_VERSION = 1.0.0;
				PRODUCT_BUNDLE_IDENTIFIER = com.loom.app;
				PRODUCT_NAME = Loom;
				SDKROOT = macosx;
				SWIFT_VERSION = 5.9;
			};
			name = Debug;
		};
		9B87305D26CB722F082E1419 /* Release */ = {
			isa = XCBuildConfiguration;
			buildSettings = {
				ALWAYS_SEARCH_USER_PATHS = NO;
				CLANG_ANALYZER_NONNULL = YES;
				CLANG_ANALYZER_NUMBER_OBJECT_CONVERSION = YES_AGGRESSIVE;
				CLANG_CXX_LANGUAGE_STANDARD = "gnu++14";
				CLANG_CXX_LIBRARY = "libc++";
				CLANG_ENABLE_MODULES = YES;
				CLANG_ENABLE_OBJC_ARC = YES;
				CLANG_ENABLE_OBJC_WEAK = YES;
				CLANG_WARN_BLOCK_CAPTURE_AUTORELEASING = YES;
				CLANG_WARN_BOOL_CONVERSION = YES;
				CLANG_WARN_COMMA = YES;
				CLANG_WARN_CONSTANT_CONVERSION = YES;
				CLANG_WARN_DEPRECATED_OBJC_IMPLEMENTATIONS = YES;
				CLANG_WARN_DIRECT_OBJC_ISA_USAGE = YES_ERROR;
				CLANG_WARN_DOCUMENTATION_COMMENTS = YES;
				CLANG_WARN_EMPTY_BODY = YES;
				CLANG_WARN_ENUM_CONVERSION = YES;
				CLANG_WARN_INFINITE_RECURSION = YES;
				CLANG_WARN_INT_CONVERSION = YES;
				CLANG_WARN_NON_LITERAL_NULL_CONVERSION = YES;
				CLANG_WARN_OBJC_IMPLICIT_RETAIN_SELF = YES;
				CLANG_WARN_OBJC_LITERAL_CONVERSION = YES;
				CLANG_WARN_OBJC_ROOT_CLASS = YES_ERROR;
				CLANG_WARN_QUOTED_INCLUDE_IN_FRAMEWORK_HEADER = YES;
				CLANG_WARN_RANGE_LOOP_ANALYSIS = YES;
				CLANG_WARN_STRICT_PROTOTYPES = YES;
				CLANG_WARN_SUSPICIOUS_MOVE = YES;
				CLANG_WARN_UNGUARDED_AVAILABILITY = YES_AGGRESSIVE;
				CLANG_WARN_UNREACHABLE_CODE = YES;
				CLANG_WARN__DUPLICATE_METHOD_MATCH = YES;
				COPY_PHASE_STRIP = NO;
				DEBUG_INFORMATION_FORMAT = "dwarf-with-dsym";
				ENABLE_NS_ASSERTIONS = NO;
				ENABLE_STRICT_OBJC_MSGSEND = YES;
				GCC_C_LANGUAGE_STANDARD = gnu11;
				GCC_NO_COMMON_BLOCKS = YES;
				GCC_WARN_64_TO_32_BIT_CONVERSION = YES;
				GCC_WARN_ABOUT_RETURN_TYPE = YES_ERROR;
				GCC_WARN_UNDECLARED_SELECTOR = YES;
				GCC_WARN_UNINITIALIZED_AUTOS = YES_AGGRESSIVE;
				GCC_WARN_UNUSED_FUNCTION = YES;
				GCC_WARN_UNUSED_VARIABLE = YES;
				MACOSX_DEPLOYMENT_TARGET = 14.0;
				MTL_ENABLE_DEBUG_INFO = NO;
				MTL_FAST_MATH = YES;
				PRODUCT_NAME = "$(TARGET_NAME)";
				SDKROOT = macosx;
				SWIFT_COMPILATION_MODE = wholemodule;
				SWIFT_OPTIMIZATION_LEVEL = "-O";
				SWIFT_VERSION = 5.0;
			};
			name = Release;
		};
		E1809DB765500FBFE9669DE4 /* Debug */ = {
			isa = XCBuildConfiguration;
			buildSettings = {
				ALWAYS_SEARCH_USER_PATHS = NO;
				CLANG_ANALYZER_NONNULL = YES;
				CLANG_ANALYZER_NUMBER_OBJECT_CONVERSION = YES_AGGRESSIVE;
				CLANG_CXX_LANGUAGE_STANDARD = "gnu++14";
				CLANG_CXX_LIBRARY = "libc++";
				CLANG_ENABLE_MODULES = YES;
				CLANG_ENABLE_OBJC_ARC = YES;
				CLANG_ENABLE_OBJC_WEAK = YES;
				CLANG_WARN_BLOCK_CAPTURE_AUTORELEASING = YES;
				CLANG_WARN_BOOL_CONVERSION = YES;
				CLANG_WARN_COMMA = YES;
				CLANG_WARN_CONSTANT_CONVERSION = YES;
				CLANG_WARN_DEPRECATED_OBJC_IMPLEMENTATIONS = YES;
				CLANG_WARN_DIRECT_OBJC_ISA_USAGE = YES_ERROR;
				CLANG_WARN_DOCUMENTATION_COMMENTS = YES;
				CLANG_WARN_EMPTY_BODY = YES;
				CLANG_WARN_ENUM_CONVERSION = YES;
				CLANG_WARN_INFINITE_RECURSION = YES;
				CLANG_WARN_INT_CONVERSION = YES;
				CLANG_WARN_NON_LITERAL_NULL_CONVERSION = YES;
				CLANG_WARN_OBJC_IMPLICIT_RETAIN_SELF = YES;
				CLANG_WARN_OBJC_LITERAL_CONVERSION = YES;
				CLANG_WARN_OBJC_ROOT_CLASS = YES_ERROR;
				CLANG_WARN_QUOTED_INCLUDE_IN_FRAMEWORK_HEADER = YES;
				CLANG_WARN_RANGE_LOOP_ANALYSIS = YES;
				CLANG_WARN_STRICT_PROTOTYPES = YES;
				CLANG_WARN_SUSPICIOUS_MOVE = YES;
				CLANG_WARN_UNGUARDED_AVAILABILITY = YES_AGGRESSIVE;
				CLANG_WARN_UNREACHABLE_CODE = YES;
				CLANG_WARN__DUPLICATE_METHOD_MATCH = YES;
				COPY_PHASE_STRIP = NO;
				DEBUG_INFORMATION_FORMAT = dwarf;
				ENABLE_STRICT_OBJC_MSGSEND = YES;
				ENABLE_TESTABILITY = YES;
				GCC_C_LANGUAGE_STANDARD = gnu11;
				GCC_DYNAMIC_NO_PIC = NO;
				GCC_NO_COMMON_BLOCKS = YES;
				GCC_OPTIMIZATION_LEVEL = 0;
				GCC_PREPROCESSOR_DEFINITIONS = (
					"$(inherited)",
					"DEBUG=1",
				);
				GCC_WARN_64_TO_32_BIT_CONVERSION = YES;
				GCC_WARN_ABOUT_RETURN_TYPE = YES_ERROR;
				GCC_WARN_UNDECLARED_SELECTOR = YES;
				GCC_WARN_UNINITIALIZED_AUTOS = YES_AGGRESSIVE;
				GCC_WARN_UNUSED_FUNCTION = YES;
				GCC_WARN_UNUSED_VARIABLE = YES;
				MACOSX_DEPLOYMENT_TARGET = 14.0;
				MTL_ENABLE_DEBUG_INFO = INCLUDE_SOURCE;
				MTL_FAST_MATH = YES;
				ONLY_ACTIVE_ARCH = YES;
				PRODUCT_NAME = "$(TARGET_NAME)";
				SDKROOT = macosx;
				SWIFT_ACTIVE_COMPILATION_CONDITIONS = DEBUG;
				SWIFT_OPTIMIZATION_LEVEL = "-Onone";
				SWIFT_VERSION = 5.0;
			};
			name = Debug;
		};
		F0D3E0EDEB02B1F76B3E4C03 /* Release */ = {
			isa = XCBuildConfiguration;
			buildSettings = {
				BUNDLE_LOADER = "$(TEST_HOST)";
				COMBINE_HIDPI_IMAGES = YES;
				GENERATE_INFOPLIST_FILE = YES;
				LD_RUNPATH_SEARCH_PATHS = (
					"$(inherited)",
					"@executable_path/../Frameworks",
					"@loader_path/../Frameworks",
				);
				PRODUCT_BUNDLE_IDENTIFIER = com.loom.appTests;
				SDKROOT = macosx;
				TEST_HOST = "$(BUILT_PRODUCTS_DIR)/Loom.app/Contents/MacOS/Loom";
			};
			name = Release;
		};
/* End XCBuildConfiguration section */

/* Begin XCConfigurationList section */
		8469BC710BBCEBFD6D40602E /* Build configuration list for PBXProject "Loom" */ = {
			isa = XCConfigurationList;
			buildConfigurations = (
				E1809DB765500FBFE9669DE4 /* Debug */,
				9B87305D26CB722F082E1419 /* Release */,
			);
			defaultConfigurationIsVisible = 0;
			defaultConfigurationName = Debug;
		};
		A89C1ED79CFFB2D69BAF407A /* Build configuration list for PBXNativeTarget "Loom" */ = {
			isa = XCConfigurationList;
			buildConfigurations = (
				7DDE0896E67F1B37B182DEA0 /* Debug */,
				126D55997EBF15956046E58F /* Release */,
			);
			defaultConfigurationIsVisible = 0;
			defaultConfigurationName = Debug;
		};
		CC7C822050D13A1780EA0563 /* Build configuration list for PBXNativeTarget "LoomTests" */ = {
			isa = XCConfigurationList;
			buildConfigurations = (
				0597129A1260A66422EB504F /* Debug */,
				F0D3E0EDEB02B1F76B3E4C03 /* Release */,
			);
			defaultConfigurationIsVisible = 0;
			defaultConfigurationName = Debug;
		};
/* End XCConfigurationList section */
	};
	rootObject = 32B58EFB3FEA3E3E81D94DBD /* Project object */;
}
